<?xml version="1.0" encoding="utf-8"?>
<Project ToolsVersion="4.0" xmlns="http://schemas.microsoft.com/developer/msbuild/2003">
  <ItemGroup>
    <Filter Include="Source Files">
      <UniqueIdentifier>{4FC737F1-C7A5-4376-A066-2A32D752A2FF}</UniqueIdentifier>
      <Extensions>cpp;c;cc;cxx;c++;cppm;ixx;def;odl;idl;hpj;bat;asm;asmx</Extensions>
    </Filter>
    <Filter Include="Header Files">
      <UniqueIdentifier>{93995380-89BD-4b04-88EB-625FBE52EBFB}</UniqueIdentifier>
      <Extensions>h;hh;hpp;hxx;h++;hm;inl;inc;ipp;xsd</Extensions>
    </Filter>
    <Filter Include="Resource Files">
      <UniqueIdentifier>{67DA6AB6-F800-4c08-8B7A-83BB121AAD01}</UniqueIdentifier>
      <Extensions>rc;ico;cur;bmp;dlg;rc2;rct;bin;rgs;gif;jpg;jpeg;jpe;resx;tiff;tif;png;wav;mfcribbon-ms</Extensions>
    </Filter>
    <Filter Include="Resource Files\interpreter">
      <UniqueIdentifier>{822f534c-740a-4f30-a0f6-ae8fcda73832}</UniqueIdentifier>
    </Filter>
    <Filter Include="Resource Files\lexer">
      <UniqueIdentifier>{5db61ac5-8f6b-43a4-ba5a-61a26aa7646b}</UniqueIdentifier>
    </Filter>
    <Filter Include="Resource Files\parser">
      <UniqueIdentifier>{a5372e42-fbab-404e-948a-73f49169aaa3}</UniqueIdentifier>
    </Filter>
    <Filter Include="Resource Files\token">
      <UniqueIdentifier>{4faeac86-f742-47fe-b5e1-641e99e1eafa}</UniqueIdentifier>
    </Filter>
  </ItemGroup>
  <ItemGroup>
    <ClCompile Include="interpreter.cpp">
      <Filter>Resource Files\interpreter</Filter>
    </ClCompile>
    <ClCompile Include="lexer.cpp">
      <Filter>Resource Files\lexer</Filter>
    </ClCompile>
    <ClCompile Include="parser.cpp">
      <Filter>Resource Files\parser</Filter>
    </ClCompile>
    <ClCompile Include="token.cpp">
      <Filter>Resource Files\token</Filter>
    </ClCompile>
    <ClCompile Include="main.cpp">
      <Filter>Source Files</Filter>
    </ClCompile>
  </ItemGroup>
  <ItemGroup>
    <ClInclude Include="interpreter.h">
      <Filter>Resource Files\interpreter</Filter>
    </ClInclude>
    <ClInclude Include="parser.h">
      <Filter>Resource Files\parser</Filter>
    </ClInclude>
    <ClInclude Include="lexer.h">
      <Filter>Resource Files\lexer</Filter>
    </ClInclude>
    <ClInclude Include="token.h">
      <Filter>Resource Files\token</Filter>
    </ClInclude>
    <ClInclude Include="main.h">
      <Filter>Source Files</Filter>
    </ClInclude>
  </ItemGroup>
  <ItemGroup>
    <None Include=".clang-format" />
  </ItemGroup>
  <ItemGroup>
    <Text Include="grammar.txt">
      <Filter>Resource Files\parser</Filter>
    </Text>
  </ItemGroup>
</Project>